// !$*UTF8*$!
{
	archiveVersion = 1;
	classes = {
	};
	objectVersion = 46;
	objects = {

/* Begin PBXBuildFile section */
		E7069A0C1CD948C000928782 /* TestData.swift in Sources */ = {isa = PBXBuildFile; fileRef = E7069A0B1CD948C000928782 /* TestData.swift */; };
		E7069A0D1CD948C000928782 /* TestData.swift in Sources */ = {isa = PBXBuildFile; fileRef = E7069A0B1CD948C000928782 /* TestData.swift */; };
		E7069A0E1CD948C000928782 /* TestData.swift in Sources */ = {isa = PBXBuildFile; fileRef = E7069A0B1CD948C000928782 /* TestData.swift */; };
		E7069A101CDC152300928782 /* mapPickerViewController.swift in Sources */ = {isa = PBXBuildFile; fileRef = E7069A0F1CDC152300928782 /* mapPickerViewController.swift */; };
		E7069A111CDC152300928782 /* mapPickerViewController.swift in Sources */ = {isa = PBXBuildFile; fileRef = E7069A0F1CDC152300928782 /* mapPickerViewController.swift */; };
		E7069A121CDC152300928782 /* mapPickerViewController.swift in Sources */ = {isa = PBXBuildFile; fileRef = E7069A0F1CDC152300928782 /* mapPickerViewController.swift */; };
		E7069A141CDD413A00928782 /* mapPickerCollectionViewCell.swift in Sources */ = {isa = PBXBuildFile; fileRef = E7069A131CDD413A00928782 /* mapPickerCollectionViewCell.swift */; };
		E7069A151CDD413A00928782 /* mapPickerCollectionViewCell.swift in Sources */ = {isa = PBXBuildFile; fileRef = E7069A131CDD413A00928782 /* mapPickerCollectionViewCell.swift */; };
		E7069A161CDD413A00928782 /* mapPickerCollectionViewCell.swift in Sources */ = {isa = PBXBuildFile; fileRef = E7069A131CDD413A00928782 /* mapPickerCollectionViewCell.swift */; };
		E7378BE51CF4EA55009A8CDB /* ArcGIS.bundle in Resources */ = {isa = PBXBuildFile; fileRef = E7378BE41CF4EA55009A8CDB /* ArcGIS.bundle */; };
		E7C46F3C1CC59F2900D58826 /* AppDelegate.swift in Sources */ = {isa = PBXBuildFile; fileRef = E7C46F3B1CC59F2900D58826 /* AppDelegate.swift */; };
		E7C46F3E1CC59F2900D58826 /* ViewController.swift in Sources */ = {isa = PBXBuildFile; fileRef = E7C46F3D1CC59F2900D58826 /* ViewController.swift */; };
		E7C46F411CC59F2900D58826 /* Main.storyboard in Resources */ = {isa = PBXBuildFile; fileRef = E7C46F3F1CC59F2900D58826 /* Main.storyboard */; };
		E7C46F441CC59F2900D58826 /* runtime_security_auth.xcdatamodeld in Sources */ = {isa = PBXBuildFile; fileRef = E7C46F421CC59F2900D58826 /* runtime_security_auth.xcdatamodeld */; };
		E7C46F461CC59F2900D58826 /* Assets.xcassets in Resources */ = {isa = PBXBuildFile; fileRef = E7C46F451CC59F2900D58826 /* Assets.xcassets */; };
		E7C46F491CC59F2900D58826 /* LaunchScreen.storyboard in Resources */ = {isa = PBXBuildFile; fileRef = E7C46F471CC59F2900D58826 /* LaunchScreen.storyboard */; };
		E7C46F541CC59F2900D58826 /* runtime_security_authTests.swift in Sources */ = {isa = PBXBuildFile; fileRef = E7C46F531CC59F2900D58826 /* runtime_security_authTests.swift */; };
		E7C46F5F1CC59F2900D58826 /* runtime_security_authUITests.swift in Sources */ = {isa = PBXBuildFile; fileRef = E7C46F5E1CC59F2900D58826 /* runtime_security_authUITests.swift */; };
/* End PBXBuildFile section */

/* Begin PBXContainerItemProxy section */
		E7C46F501CC59F2900D58826 /* PBXContainerItemProxy */ = {
			isa = PBXContainerItemProxy;
			containerPortal = E7C46F301CC59F2800D58826 /* Project object */;
			proxyType = 1;
			remoteGlobalIDString = E7C46F371CC59F2900D58826;
			remoteInfo = "runtime-security-auth";
		};
		E7C46F5B1CC59F2900D58826 /* PBXContainerItemProxy */ = {
			isa = PBXContainerItemProxy;
			containerPortal = E7C46F301CC59F2800D58826 /* Project object */;
			proxyType = 1;
			remoteGlobalIDString = E7C46F371CC59F2900D58826;
			remoteInfo = "runtime-security-auth";
		};
/* End PBXContainerItemProxy section */

/* Begin PBXFileReference section */
		E7069A0B1CD948C000928782 /* TestData.swift */ = {isa = PBXFileReference; fileEncoding = 4; lastKnownFileType = sourcecode.swift; path = TestData.swift; sourceTree = "<group>"; };
		E7069A0F1CDC152300928782 /* mapPickerViewController.swift */ = {isa = PBXFileReference; fileEncoding = 4; lastKnownFileType = sourcecode.swift; path = mapPickerViewController.swift; sourceTree = "<group>"; };
		E7069A131CDD413A00928782 /* mapPickerCollectionViewCell.swift */ = {isa = PBXFileReference; fileEncoding = 4; lastKnownFileType = sourcecode.swift; path = mapPickerCollectionViewCell.swift; sourceTree = "<group>"; };
		E7378BE41CF4EA55009A8CDB /* ArcGIS.bundle */ = {isa = PBXFileReference; lastKnownFileType = "wrapper.plug-in"; name = ArcGIS.bundle; path = ../../../../Library/SDKs/ArcGIS/iOS/Frameworks/Static/ArcGIS.framework/Versions/Current/Resources/ArcGIS.bundle; sourceTree = "<group>"; };
		E7C46F381CC59F2900D58826 /* runtime-security-auth.app */ = {isa = PBXFileReference; explicitFileType = wrapper.application; includeInIndex = 0; path = "runtime-security-auth.app"; sourceTree = BUILT_PRODUCTS_DIR; };
		E7C46F3B1CC59F2900D58826 /* AppDelegate.swift */ = {isa = PBXFileReference; lastKnownFileType = sourcecode.swift; path = AppDelegate.swift; sourceTree = "<group>"; };
		E7C46F3D1CC59F2900D58826 /* ViewController.swift */ = {isa = PBXFileReference; lastKnownFileType = sourcecode.swift; path = ViewController.swift; sourceTree = "<group>"; };
		E7C46F401CC59F2900D58826 /* Base */ = {isa = PBXFileReference; lastKnownFileType = file.storyboard; name = Base; path = Base.lproj/Main.storyboard; sourceTree = "<group>"; };
		E7C46F431CC59F2900D58826 /* runtime_security_auth.xcdatamodel */ = {isa = PBXFileReference; lastKnownFileType = wrapper.xcdatamodel; path = runtime_security_auth.xcdatamodel; sourceTree = "<group>"; };
		E7C46F451CC59F2900D58826 /* Assets.xcassets */ = {isa = PBXFileReference; lastKnownFileType = folder.assetcatalog; path = Assets.xcassets; sourceTree = "<group>"; };
		E7C46F481CC59F2900D58826 /* Base */ = {isa = PBXFileReference; lastKnownFileType = file.storyboard; name = Base; path = Base.lproj/LaunchScreen.storyboard; sourceTree = "<group>"; };
		E7C46F4A1CC59F2900D58826 /* Info.plist */ = {isa = PBXFileReference; lastKnownFileType = text.plist.xml; path = Info.plist; sourceTree = "<group>"; };
		E7C46F4F1CC59F2900D58826 /* runtime-security-authTests.xctest */ = {isa = PBXFileReference; explicitFileType = wrapper.cfbundle; includeInIndex = 0; path = "runtime-security-authTests.xctest"; sourceTree = BUILT_PRODUCTS_DIR; };
		E7C46F531CC59F2900D58826 /* runtime_security_authTests.swift */ = {isa = PBXFileReference; lastKnownFileType = sourcecode.swift; path = runtime_security_authTests.swift; sourceTree = "<group>"; };
		E7C46F551CC59F2900D58826 /* Info.plist */ = {isa = PBXFileReference; lastKnownFileType = text.plist.xml; path = Info.plist; sourceTree = "<group>"; };
		E7C46F5A1CC59F2900D58826 /* runtime-security-authUITests.xctest */ = {isa = PBXFileReference; explicitFileType = wrapper.cfbundle; includeInIndex = 0; path = "runtime-security-authUITests.xctest"; sourceTree = BUILT_PRODUCTS_DIR; };
		E7C46F5E1CC59F2900D58826 /* runtime_security_authUITests.swift */ = {isa = PBXFileReference; lastKnownFileType = sourcecode.swift; path = runtime_security_authUITests.swift; sourceTree = "<group>"; };
		E7C46F601CC59F2900D58826 /* Info.plist */ = {isa = PBXFileReference; lastKnownFileType = text.plist.xml; path = Info.plist; sourceTree = "<group>"; };
		E7C46F6C1CC7044E00D58826 /* README.md */ = {isa = PBXFileReference; fileEncoding = 4; lastKnownFileType = net.daringfireball.markdown; path = README.md; sourceTree = "<group>"; };
/* End PBXFileReference section */

/* Begin PBXFrameworksBuildPhase section */
		E7C46F351CC59F2900D58826 /* Frameworks */ = {
			isa = PBXFrameworksBuildPhase;
			buildActionMask = 2147483647;
			files = (
			);
			runOnlyForDeploymentPostprocessing = 0;
		};
		E7C46F4C1CC59F2900D58826 /* Frameworks */ = {
			isa = PBXFrameworksBuildPhase;
			buildActionMask = 2147483647;
			files = (
			);
			runOnlyForDeploymentPostprocessing = 0;
		};
		E7C46F571CC59F2900D58826 /* Frameworks */ = {
			isa = PBXFrameworksBuildPhase;
			buildActionMask = 2147483647;
			files = (
			);
			runOnlyForDeploymentPostprocessing = 0;
		};
/* End PBXFrameworksBuildPhase section */

/* Begin PBXGroup section */
		E7C46F2F1CC59F2800D58826 = {
			isa = PBXGroup;
			children = (
				E7378BE41CF4EA55009A8CDB /* ArcGIS.bundle */,
				E7C46F6C1CC7044E00D58826 /* README.md */,
				E7C46F3A1CC59F2900D58826 /* runtime-security-auth */,
				E7C46F521CC59F2900D58826 /* runtime-security-authTests */,
				E7C46F5D1CC59F2900D58826 /* runtime-security-authUITests */,
				E7C46F391CC59F2900D58826 /* Products */,
			);
			sourceTree = "<group>";
		};
		E7C46F391CC59F2900D58826 /* Products */ = {
			isa = PBXGroup;
			children = (
				E7C46F381CC59F2900D58826 /* runtime-security-auth.app */,
				E7C46F4F1CC59F2900D58826 /* runtime-security-authTests.xctest */,
				E7C46F5A1CC59F2900D58826 /* runtime-security-authUITests.xctest */,
			);
			name = Products;
			sourceTree = "<group>";
		};
		E7C46F3A1CC59F2900D58826 /* runtime-security-auth */ = {
			isa = PBXGroup;
			children = (
				E7C46F3B1CC59F2900D58826 /* AppDelegate.swift */,
				E7C46F3D1CC59F2900D58826 /* ViewController.swift */,
				E7C46F3F1CC59F2900D58826 /* Main.storyboard */,
				E7C46F451CC59F2900D58826 /* Assets.xcassets */,
				E7C46F471CC59F2900D58826 /* LaunchScreen.storyboard */,
				E7C46F4A1CC59F2900D58826 /* Info.plist */,
				E7C46F421CC59F2900D58826 /* runtime_security_auth.xcdatamodeld */,
				E7069A0B1CD948C000928782 /* TestData.swift */,
				E7069A0F1CDC152300928782 /* mapPickerViewController.swift */,
				E7069A131CDD413A00928782 /* mapPickerCollectionViewCell.swift */,
			);
			path = "runtime-security-auth";
			sourceTree = "<group>";
		};
		E7C46F521CC59F2900D58826 /* runtime-security-authTests */ = {
			isa = PBXGroup;
			children = (
				E7C46F531CC59F2900D58826 /* runtime_security_authTests.swift */,
				E7C46F551CC59F2900D58826 /* Info.plist */,
			);
			path = "runtime-security-authTests";
			sourceTree = "<group>";
		};
		E7C46F5D1CC59F2900D58826 /* runtime-security-authUITests */ = {
			isa = PBXGroup;
			children = (
				E7C46F5E1CC59F2900D58826 /* runtime_security_authUITests.swift */,
				E7C46F601CC59F2900D58826 /* Info.plist */,
			);
			path = "runtime-security-authUITests";
			sourceTree = "<group>";
		};
/* End PBXGroup section */

/* Begin PBXNativeTarget section */
		E7C46F371CC59F2900D58826 /* runtime-security-auth */ = {
			isa = PBXNativeTarget;
			buildConfigurationList = E7C46F631CC59F2900D58826 /* Build configuration list for PBXNativeTarget "runtime-security-auth" */;
			buildPhases = (
				E7C46F341CC59F2900D58826 /* Sources */,
				E7C46F351CC59F2900D58826 /* Frameworks */,
				E7C46F361CC59F2900D58826 /* Resources */,
			);
			buildRules = (
			);
			dependencies = (
			);
			name = "runtime-security-auth";
			productName = "runtime-security-auth";
			productReference = E7C46F381CC59F2900D58826 /* runtime-security-auth.app */;
			productType = "com.apple.product-type.application";
		};
		E7C46F4E1CC59F2900D58826 /* runtime-security-authTests */ = {
			isa = PBXNativeTarget;
			buildConfigurationList = E7C46F661CC59F2900D58826 /* Build configuration list for PBXNativeTarget "runtime-security-authTests" */;
			buildPhases = (
				E7C46F4B1CC59F2900D58826 /* Sources */,
				E7C46F4C1CC59F2900D58826 /* Frameworks */,
				E7C46F4D1CC59F2900D58826 /* Resources */,
			);
			buildRules = (
			);
			dependencies = (
				E7C46F511CC59F2900D58826 /* PBXTargetDependency */,
			);
			name = "runtime-security-authTests";
			productName = "runtime-security-authTests";
			productReference = E7C46F4F1CC59F2900D58826 /* runtime-security-authTests.xctest */;
			productType = "com.apple.product-type.bundle.unit-test";
		};
		E7C46F591CC59F2900D58826 /* runtime-security-authUITests */ = {
			isa = PBXNativeTarget;
			buildConfigurationList = E7C46F691CC59F2900D58826 /* Build configuration list for PBXNativeTarget "runtime-security-authUITests" */;
			buildPhases = (
				E7C46F561CC59F2900D58826 /* Sources */,
				E7C46F571CC59F2900D58826 /* Frameworks */,
				E7C46F581CC59F2900D58826 /* Resources */,
			);
			buildRules = (
			);
			dependencies = (
				E7C46F5C1CC59F2900D58826 /* PBXTargetDependency */,
			);
			name = "runtime-security-authUITests";
			productName = "runtime-security-authUITests";
			productReference = E7C46F5A1CC59F2900D58826 /* runtime-security-authUITests.xctest */;
			productType = "com.apple.product-type.bundle.ui-testing";
		};
/* End PBXNativeTarget section */

/* Begin PBXProject section */
		E7C46F301CC59F2800D58826 /* Project object */ = {
			isa = PBXProject;
			attributes = {
				LastSwiftUpdateCheck = 0730;
				LastUpgradeCheck = 0730;
				ORGANIZATIONNAME = "John Foster";
				TargetAttributes = {
					E7C46F371CC59F2900D58826 = {
						CreatedOnToolsVersion = 7.3;
						DevelopmentTeam = YXSXWA483A;
					};
					E7C46F4E1CC59F2900D58826 = {
						CreatedOnToolsVersion = 7.3;
						DevelopmentTeam = YXSXWA483A;
						TestTargetID = E7C46F371CC59F2900D58826;
					};
					E7C46F591CC59F2900D58826 = {
						CreatedOnToolsVersion = 7.3;
						DevelopmentTeam = YXSXWA483A;
						TestTargetID = E7C46F371CC59F2900D58826;
					};
				};
			};
			buildConfigurationList = E7C46F331CC59F2800D58826 /* Build configuration list for PBXProject "runtime-security-auth" */;
			compatibilityVersion = "Xcode 3.2";
			developmentRegion = English;
			hasScannedForEncodings = 0;
			knownRegions = (
				en,
				Base,
			);
			mainGroup = E7C46F2F1CC59F2800D58826;
			productRefGroup = E7C46F391CC59F2900D58826 /* Products */;
			projectDirPath = "";
			projectRoot = "";
			targets = (
				E7C46F371CC59F2900D58826 /* runtime-security-auth */,
				E7C46F4E1CC59F2900D58826 /* runtime-security-authTests */,
				E7C46F591CC59F2900D58826 /* runtime-security-authUITests */,
			);
		};
/* End PBXProject section */

/* Begin PBXResourcesBuildPhase section */
		E7C46F361CC59F2900D58826 /* Resources */ = {
			isa = PBXResourcesBuildPhase;
			buildActionMask = 2147483647;
			files = (
				E7C46F491CC59F2900D58826 /* LaunchScreen.storyboard in Resources */,
				E7C46F461CC59F2900D58826 /* Assets.xcassets in Resources */,
				E7378BE51CF4EA55009A8CDB /* ArcGIS.bundle in Resources */,
				E7C46F411CC59F2900D58826 /* Main.storyboard in Resources */,
			);
			runOnlyForDeploymentPostprocessing = 0;
		};
		E7C46F4D1CC59F2900D58826 /* Resources */ = {
			isa = PBXResourcesBuildPhase;
			buildActionMask = 2147483647;
			files = (
			);
			runOnlyForDeploymentPostprocessing = 0;
		};
		E7C46F581CC59F2900D58826 /* Resources */ = {
			isa = PBXResourcesBuildPhase;
			buildActionMask = 2147483647;
			files = (
			);
			runOnlyForDeploymentPostprocessing = 0;
		};
/* End PBXResourcesBuildPhase section */

/* Begin PBXSourcesBuildPhase section */
		E7C46F341CC59F2900D58826 /* Sources */ = {
			isa = PBXSourcesBuildPhase;
			buildActionMask = 2147483647;
			files = (
				E7069A101CDC152300928782 /* mapPickerViewController.swift in Sources */,
				E7C46F3E1CC59F2900D58826 /* ViewController.swift in Sources */,
				E7C46F441CC59F2900D58826 /* runtime_security_auth.xcdatamodeld in Sources */,
				E7069A141CDD413A00928782 /* mapPickerCollectionViewCell.swift in Sources */,
				E7069A0C1CD948C000928782 /* TestData.swift in Sources */,
				E7C46F3C1CC59F2900D58826 /* AppDelegate.swift in Sources */,
			);
			runOnlyForDeploymentPostprocessing = 0;
		};
		E7C46F4B1CC59F2900D58826 /* Sources */ = {
			isa = PBXSourcesBuildPhase;
			buildActionMask = 2147483647;
			files = (
				E7069A111CDC152300928782 /* mapPickerViewController.swift in Sources */,
				E7069A151CDD413A00928782 /* mapPickerCollectionViewCell.swift in Sources */,
				E7C46F541CC59F2900D58826 /* runtime_security_authTests.swift in Sources */,
				E7069A0D1CD948C000928782 /* TestData.swift in Sources */,
			);
			runOnlyForDeploymentPostprocessing = 0;
		};
		E7C46F561CC59F2900D58826 /* Sources */ = {
			isa = PBXSourcesBuildPhase;
			buildActionMask = 2147483647;
			files = (
				E7069A121CDC152300928782 /* mapPickerViewController.swift in Sources */,
				E7069A161CDD413A00928782 /* mapPickerCollectionViewCell.swift in Sources */,
				E7C46F5F1CC59F2900D58826 /* runtime_security_authUITests.swift in Sources */,
				E7069A0E1CD948C000928782 /* TestData.swift in Sources */,
			);
			runOnlyForDeploymentPostprocessing = 0;
		};
/* End PBXSourcesBuildPhase section */

/* Begin PBXTargetDependency section */
		E7C46F511CC59F2900D58826 /* PBXTargetDependency */ = {
			isa = PBXTargetDependency;
			target = E7C46F371CC59F2900D58826 /* runtime-security-auth */;
			targetProxy = E7C46F501CC59F2900D58826 /* PBXContainerItemProxy */;
		};
		E7C46F5C1CC59F2900D58826 /* PBXTargetDependency */ = {
			isa = PBXTargetDependency;
			target = E7C46F371CC59F2900D58826 /* runtime-security-auth */;
			targetProxy = E7C46F5B1CC59F2900D58826 /* PBXContainerItemProxy */;
		};
/* End PBXTargetDependency section */

/* Begin PBXVariantGroup section */
		E7C46F3F1CC59F2900D58826 /* Main.storyboard */ = {
			isa = PBXVariantGroup;
			children = (
				E7C46F401CC59F2900D58826 /* Base */,
			);
			name = Main.storyboard;
			sourceTree = "<group>";
		};
		E7C46F471CC59F2900D58826 /* LaunchScreen.storyboard */ = {
			isa = PBXVariantGroup;
			children = (
				E7C46F481CC59F2900D58826 /* Base */,
			);
			name = LaunchScreen.storyboard;
			sourceTree = "<group>";
		};
/* End PBXVariantGroup section */

/* Begin XCBuildConfiguration section */
		E7C46F611CC59F2900D58826 /* Debug */ = {
			isa = XCBuildConfiguration;
			buildSettings = {
				ALWAYS_SEARCH_USER_PATHS = NO;
				CLANG_ANALYZER_NONNULL = YES;
				CLANG_CXX_LANGUAGE_STANDARD = "gnu++0x";
				CLANG_CXX_LIBRARY = "libc++";
				CLANG_ENABLE_MODULES = YES;
				CLANG_ENABLE_OBJC_ARC = YES;
				CLANG_WARN_BOOL_CONVERSION = YES;
				CLANG_WARN_CONSTANT_CONVERSION = YES;
				CLANG_WARN_DIRECT_OBJC_ISA_USAGE = YES_ERROR;
				CLANG_WARN_EMPTY_BODY = YES;
				CLANG_WARN_ENUM_CONVERSION = YES;
				CLANG_WARN_INT_CONVERSION = YES;
				CLANG_WARN_OBJC_ROOT_CLASS = YES_ERROR;
				CLANG_WARN_UNREACHABLE_CODE = YES;
				CLANG_WARN__DUPLICATE_METHOD_MATCH = YES;
				"CODE_SIGN_IDENTITY[sdk=iphoneos*]" = "iPhone Developer";
				COPY_PHASE_STRIP = NO;
				DEBUG_INFORMATION_FORMAT = dwarf;
				ENABLE_STRICT_OBJC_MSGSEND = YES;
				ENABLE_TESTABILITY = YES;
				GCC_C_LANGUAGE_STANDARD = gnu99;
				GCC_DYNAMIC_NO_PIC = NO;
				GCC_NO_COMMON_BLOCKS = YES;
				GCC_OPTIMIZATION_LEVEL = 0;
				GCC_PREPROCESSOR_DEFINITIONS = (
					"DEBUG=1",
					"$(inherited)",
				);
				GCC_WARN_64_TO_32_BIT_CONVERSION = YES;
				GCC_WARN_ABOUT_RETURN_TYPE = YES_ERROR;
				GCC_WARN_UNDECLARED_SELECTOR = YES;
				GCC_WARN_UNINITIALIZED_AUTOS = YES_AGGRESSIVE;
				GCC_WARN_UNUSED_FUNCTION = YES;
				GCC_WARN_UNUSED_VARIABLE = YES;
				IPHONEOS_DEPLOYMENT_TARGET = 9.3;
				MTL_ENABLE_DEBUG_INFO = YES;
				ONLY_ACTIVE_ARCH = YES;
				SDKROOT = iphoneos;
				SWIFT_OPTIMIZATION_LEVEL = "-Onone";
				TARGETED_DEVICE_FAMILY = "1,2";
			};
			name = Debug;
		};
		E7C46F621CC59F2900D58826 /* Release */ = {
			isa = XCBuildConfiguration;
			buildSettings = {
				ALWAYS_SEARCH_USER_PATHS = NO;
				CLANG_ANALYZER_NONNULL = YES;
				CLANG_CXX_LANGUAGE_STANDARD = "gnu++0x";
				CLANG_CXX_LIBRARY = "libc++";
				CLANG_ENABLE_MODULES = YES;
				CLANG_ENABLE_OBJC_ARC = YES;
				CLANG_WARN_BOOL_CONVERSION = YES;
				CLANG_WARN_CONSTANT_CONVERSION = YES;
				CLANG_WARN_DIRECT_OBJC_ISA_USAGE = YES_ERROR;
				CLANG_WARN_EMPTY_BODY = YES;
				CLANG_WARN_ENUM_CONVERSION = YES;
				CLANG_WARN_INT_CONVERSION = YES;
				CLANG_WARN_OBJC_ROOT_CLASS = YES_ERROR;
				CLANG_WARN_UNREACHABLE_CODE = YES;
				CLANG_WARN__DUPLICATE_METHOD_MATCH = YES;
				"CODE_SIGN_IDENTITY[sdk=iphoneos*]" = "iPhone Developer";
				COPY_PHASE_STRIP = NO;
				DEBUG_INFORMATION_FORMAT = "dwarf-with-dsym";
				ENABLE_NS_ASSERTIONS = NO;
				ENABLE_STRICT_OBJC_MSGSEND = YES;
				GCC_C_LANGUAGE_STANDARD = gnu99;
				GCC_NO_COMMON_BLOCKS = YES;
				GCC_WARN_64_TO_32_BIT_CONVERSION = YES;
				GCC_WARN_ABOUT_RETURN_TYPE = YES_ERROR;
				GCC_WARN_UNDECLARED_SELECTOR = YES;
				GCC_WARN_UNINITIALIZED_AUTOS = YES_AGGRESSIVE;
				GCC_WARN_UNUSED_FUNCTION = YES;
				GCC_WARN_UNUSED_VARIABLE = YES;
				IPHONEOS_DEPLOYMENT_TARGET = 9.3;
				MTL_ENABLE_DEBUG_INFO = NO;
				SDKROOT = iphoneos;
				TARGETED_DEVICE_FAMILY = "1,2";
				VALIDATE_PRODUCT = YES;
			};
			name = Release;
		};
		E7C46F641CC59F2900D58826 /* Debug */ = {
			isa = XCBuildConfiguration;
			buildSettings = {
				ASSETCATALOG_COMPILER_APPICON_NAME = AppIcon;
				ASSETCATALOG_COMPILER_LAUNCHIMAGE_NAME = "Brand Assets";
				CODE_SIGN_IDENTITY = "iPhone Developer";
				FRAMEWORK_SEARCH_PATHS = "$(HOME)/Library/SDKs/ArcGIS/iOS/Frameworks/Static";
				INFOPLIST_FILE = "runtime-security-auth/Info.plist";
				LD_RUNPATH_SEARCH_PATHS = "$(inherited) @executable_path/Frameworks";
				OTHER_LDFLAGS = (
					"-ObjC",
					"-framework",
					ArcGIS,
					"-l",
					"c++",
				);
				PRODUCT_BUNDLE_IDENTIFIER = "com.esri.runtime-security-auth";
				PRODUCT_NAME = "$(TARGET_NAME)";
			};
			name = Debug;
		};
		E7C46F651CC59F2900D58826 /* Release */ = {
			isa = XCBuildConfiguration;
			buildSettings = {
				ASSETCATALOG_COMPILER_APPICON_NAME = AppIcon;
				ASSETCATALOG_COMPILER_LAUNCHIMAGE_NAME = "Brand Assets";
				CODE_SIGN_IDENTITY = "iPhone Developer";
				FRAMEWORK_SEARCH_PATHS = "$(HOME)/Library/SDKs/ArcGIS/iOS/Frameworks/Static";
				INFOPLIST_FILE = "runtime-security-auth/Info.plist";
				LD_RUNPATH_SEARCH_PATHS = "$(inherited) @executable_path/Frameworks";
				OTHER_LDFLAGS = (
					"-ObjC",
					"-framework",
					ArcGIS,
					"-l",
					"c++",
				);
				PRODUCT_BUNDLE_IDENTIFIER = "com.esri.runtime-security-auth";
				PRODUCT_NAME = "$(TARGET_NAME)";
			};
			name = Release;
		};
		E7C46F671CC59F2900D58826 /* Debug */ = {
			isa = XCBuildConfiguration;
			buildSettings = {
				BUNDLE_LOADER = "$(TEST_HOST)";
				INFOPLIST_FILE = "runtime-security-authTests/Info.plist";
				LD_RUNPATH_SEARCH_PATHS = "$(inherited) @executable_path/Frameworks @loader_path/Frameworks";
				PRODUCT_BUNDLE_IDENTIFIER = "com.esri.runtime-security-authTests";
				PRODUCT_NAME = "$(TARGET_NAME)";
				TEST_HOST = "$(BUILT_PRODUCTS_DIR)/runtime-security-auth.app/runtime-security-auth";
			};
			name = Debug;
		};
		E7C46F681CC59F2900D58826 /* Release */ = {
			isa = XCBuildConfiguration;
			buildSettings = {
				BUNDLE_LOADER = "$(TEST_HOST)";
				INFOPLIST_FILE = "runtime-security-authTests/Info.plist";
				LD_RUNPATH_SEARCH_PATHS = "$(inherited) @executable_path/Frameworks @loader_path/Frameworks";
				PRODUCT_BUNDLE_IDENTIFIER = "com.esri.runtime-security-authTests";
				PRODUCT_NAME = "$(TARGET_NAME)";
				TEST_HOST = "$(BUILT_PRODUCTS_DIR)/runtime-security-auth.app/runtime-security-auth";
			};
			name = Release;
		};
		E7C46F6A1CC59F2900D58826 /* Debug */ = {
			isa = XCBuildConfiguration;
			buildSettings = {
				INFOPLIST_FILE = "runtime-security-authUITests/Info.plist";
				LD_RUNPATH_SEARCH_PATHS = "$(inherited) @executable_path/Frameworks @loader_path/Frameworks";
				PRODUCT_BUNDLE_IDENTIFIER = "com.esri.runtime-security-authUITests";
				PRODUCT_NAME = "$(TARGET_NAME)";
				TEST_TARGET_NAME = "runtime-security-auth";
			};
			name = Debug;
		};
		E7C46F6B1CC59F2900D58826 /* Release */ = {
			isa = XCBuildConfiguration;
			buildSettings = {
				INFOPLIST_FILE = "runtime-security-authUITests/Info.plist";
				LD_RUNPATH_SEARCH_PATHS = "$(inherited) @executable_path/Frameworks @loader_path/Frameworks";
				PRODUCT_BUNDLE_IDENTIFIER = "com.esri.runtime-security-authUITests";
				PRODUCT_NAME = "$(TARGET_NAME)";
				TEST_TARGET_NAME = "runtime-security-auth";
			};
			name = Release;
		};
/* End XCBuildConfiguration section */

/* Begin XCConfigurationList section */
		E7C46F331CC59F2800D58826 /* Build configuration list for PBXProject "runtime-security-auth" */ = {
			isa = XCConfigurationList;
			buildConfigurations = (
				E7C46F611CC59F2900D58826 /* Debug */,
				E7C46F621CC59F2900D58826 /* Release */,
			);
			defaultConfigurationIsVisible = 0;
			defaultConfigurationName = Release;
		};
		E7C46F631CC59F2900D58826 /* Build configuration list for PBXNativeTarget "runtime-security-auth" */ = {
			isa = XCConfigurationList;
			buildConfigurations = (
				E7C46F641CC59F2900D58826 /* Debug */,
				E7C46F651CC59F2900D58826 /* Release */,
			);
			defaultConfigurationIsVisible = 0;
			defaultConfigurationName = Release;
		};
		E7C46F661CC59F2900D58826 /* Build configuration list for PBXNativeTarget "runtime-security-authTests" */ = {
			isa = XCConfigurationList;
			buildConfigurations = (
				E7C46F671CC59F2900D58826 /* Debug */,
				E7C46F681CC59F2900D58826 /* Release */,
			);
			defaultConfigurationIsVisible = 0;
			defaultConfigurationName = Release;
		};
		E7C46F691CC59F2900D58826 /* Build configuration list for PBXNativeTarget "runtime-security-authUITests" */ = {
			isa = XCConfigurationList;
			buildConfigurations = (
				E7C46F6A1CC59F2900D58826 /* Debug */,
				E7C46F6B1CC59F2900D58826 /* Release */,
			);
			defaultConfigurationIsVisible = 0;
			defaultConfigurationName = Release;
		};
/* End XCConfigurationList section */

/* Begin XCVersionGroup section */
		E7C46F421CC59F2900D58826 /* runtime_security_auth.xcdatamodeld */ = {
			isa = XCVersionGroup;
			children = (
				E7C46F431CC59F2900D58826 /* runtime_security_auth.xcdatamodel */,
			);
			currentVersion = E7C46F431CC59F2900D58826 /* runtime_security_auth.xcdatamodel */;
			path = runtime_security_auth.xcdatamodeld;
			sourceTree = "<group>";
			versionGroupType = wrapper.xcdatamodel;
		};
/* End XCVersionGroup section */
	};
	rootObject = E7C46F301CC59F2800D58826 /* Project object */;
}
